
Microsoft Visual Studio Solution File, Format Version 12.00
# Visual Studio 15
VisualStudioVersion = 15.0.28010.2003
MinimumVisualStudioVersion = 10.0.40219.1
Project("{FAE04EC0-301F-11D3-BF4B-00C04F79EFBC}") = "NewsWebsite", "NewsWebsite\NewsWebsite.csproj", "{D92CA49A-33B4-4C01-B919-E19946086EEF}"
EndProject
Global
	GlobalSection(SolutionConfigurationPlatforms) = preSolution
		Debug|Any CPU = Debug|Any CPU
		Release|Any CPU = Release|Any CPU
	EndGlobalSection
	GlobalSection(ProjectConfigurationPlatforms) = postSolution
		{D92CA49A-33B4-4C01-B919-E19946086EEF}.Debug|Any CPU.ActiveCfg = Debug|Any CPU
		{D92CA49A-33B4-4C01-B919-E19946086EEF}.Debug|Any CPU.Build.0 = Debug|Any CPU
		{D92CA49A-33B4-4C01-B919-E19946086EEF}.Release|Any CPU.ActiveCfg = Release|Any CPU
		{D92CA49A-33B4-4C01-B919-E19946086EEF}.Release|Any CPU.Build.0 = Release|Any CPU
	EndGlobalSection
	GlobalSection(SolutionProperties) = preSolution
		HideSolutionNode = FALSE
	EndGlobalSection
	GlobalSection(ExtensibilityGlobals) = postSolution
		SolutionGuid = {91F1344B-D04A-44AE-9721-DB88B068CBEB}
	EndGlobalSection
EndGlobal
